
Microsoft Visual Studio Solution File, Format Version 12.00
# Visual Studio 2013
VisualStudioVersion = 12.0.31101.0
MinimumVisualStudioVersion = 10.0.40219.1
Project("{FAE04EC0-301F-11D3-BF4B-00C04F79EFBC}") = "StatiK", "StatiK.csproj", "{1043D320-39F2-41CD-820D-EEC375AF50DF}"
EndProject
Project("{FAE04EC0-301F-11D3-BF4B-00C04F79EFBC}") = "StatiKTests", "StatiKTests\StatiKTests.csproj", "{31671AB5-BB75-46C1-988F-7C2E5B1ECCAB}"
EndProject
Global
	GlobalSection(SolutionConfigurationPlatforms) = preSolution
		Debug|Any CPU = Debug|Any CPU
		Release|Any CPU = Release|Any CPU
	EndGlobalSection
	GlobalSection(ProjectConfigurationPlatforms) = postSolution
		{1043D320-39F2-41CD-820D-EEC375AF50DF}.Debug|Any CPU.ActiveCfg = Debug|Any CPU
		{1043D320-39F2-41CD-820D-EEC375AF50DF}.Debug|Any CPU.Build.0 = Debug|Any CPU
		{1043D320-39F2-41CD-820D-EEC375AF50DF}.Release|Any CPU.ActiveCfg = Release|Any CPU
		{1043D320-39F2-41CD-820D-EEC375AF50DF}.Release|Any CPU.Build.0 = Release|Any CPU
		{31671AB5-BB75-46C1-988F-7C2E5B1ECCAB}.Debug|Any CPU.ActiveCfg = Debug|Any CPU
		{31671AB5-BB75-46C1-988F-7C2E5B1ECCAB}.Debug|Any CPU.Build.0 = Debug|Any CPU
		{31671AB5-BB75-46C1-988F-7C2E5B1ECCAB}.Release|Any CPU.ActiveCfg = Release|Any CPU
		{31671AB5-BB75-46C1-988F-7C2E5B1ECCAB}.Release|Any CPU.Build.0 = Release|Any CPU
	EndGlobalSection
	GlobalSection(SolutionProperties) = preSolution
		HideSolutionNode = FALSE
	EndGlobalSection
EndGlobal
